
Microsoft Visual Studio Solution File, Format Version 12.00
# Visual Studio Version 17
VisualStudioVersion = 17.6.33801.468
MinimumVisualStudioVersion = 10.0.40219.1
Project("{9A19103F-16F7-4668-BE54-9A1E7A4F7556}") = "RasterSharp", "RasterSharp\RasterSharp.csproj", "{9BC41B44-D1FD-42EC-B2EC-ECB3BDCEB5FF}"
EndProject
Project("{9A19103F-16F7-4668-BE54-9A1E7A4F7556}") = "RasterSharp.Tests", "RasterSharp.Tests\RasterSharp.Tests.csproj", "{19983E46-6C9C-4991-89D3-702E362E4163}"
EndProject
Project("{9A19103F-16F7-4668-BE54-9A1E7A4F7556}") = "RasterSharpCookbook", "RasterSharpCookbook\RasterSharpCookbook.csproj", "{AE1B83DE-5F64-4C70-8064-8D4BA71E9FE2}"
EndProject
Global
	GlobalSection(SolutionConfigurationPlatforms) = preSolution
		Debug|Any CPU = Debug|Any CPU
		Release|Any CPU = Release|Any CPU
	EndGlobalSection
	GlobalSection(ProjectConfigurationPlatforms) = postSolution
		{9BC41B44-D1FD-42EC-B2EC-ECB3BDCEB5FF}.Debug|Any CPU.ActiveCfg = Debug|Any CPU
		{9BC41B44-D1FD-42EC-B2EC-ECB3BDCEB5FF}.Debug|Any CPU.Build.0 = Debug|Any CPU
		{9BC41B44-D1FD-42EC-B2EC-ECB3BDCEB5FF}.Release|Any CPU.ActiveCfg = Release|Any CPU
		{9BC41B44-D1FD-42EC-B2EC-ECB3BDCEB5FF}.Release|Any CPU.Build.0 = Release|Any CPU
		{19983E46-6C9C-4991-89D3-702E362E4163}.Debug|Any CPU.ActiveCfg = Debug|Any CPU
		{19983E46-6C9C-4991-89D3-702E362E4163}.Debug|Any CPU.Build.0 = Debug|Any CPU
		{19983E46-6C9C-4991-89D3-702E362E4163}.Release|Any CPU.ActiveCfg = Release|Any CPU
		{19983E46-6C9C-4991-89D3-702E362E4163}.Release|Any CPU.Build.0 = Release|Any CPU
		{AE1B83DE-5F64-4C70-8064-8D4BA71E9FE2}.Debug|Any CPU.ActiveCfg = Debug|Any CPU
		{AE1B83DE-5F64-4C70-8064-8D4BA71E9FE2}.Debug|Any CPU.Build.0 = Debug|Any CPU
		{AE1B83DE-5F64-4C70-8064-8D4BA71E9FE2}.Release|Any CPU.ActiveCfg = Release|Any CPU
		{AE1B83DE-5F64-4C70-8064-8D4BA71E9FE2}.Release|Any CPU.Build.0 = Release|Any CPU
	EndGlobalSection
	GlobalSection(SolutionProperties) = preSolution
		HideSolutionNode = FALSE
	EndGlobalSection
	GlobalSection(ExtensibilityGlobals) = postSolution
		SolutionGuid = {FAD57D44-92C0-49CF-A527-7A87DD977464}
	EndGlobalSection
EndGlobal
